// !$*UTF8*$!
{
	archiveVersion = 1;
	classes = {
	};
	objectVersion = 55;
	objects = {

/* Begin PBXBuildFile section */
		E652826028B657BD0016AE0D /* LoginWebView.swift in Sources */ = {isa = PBXBuildFile; fileRef = E652825F28B657BD0016AE0D /* LoginWebView.swift */; };
		E652826228B658100016AE0D /* LoginViewModel.swift in Sources */ = {isa = PBXBuildFile; fileRef = E652826128B658100016AE0D /* LoginViewModel.swift */; };
		E652826628B6B5430016AE0D /* Session.swift in Sources */ = {isa = PBXBuildFile; fileRef = E652826528B6B5430016AE0D /* Session.swift */; };
		E652826A28B752350016AE0D /* AppCoordinator.swift in Sources */ = {isa = PBXBuildFile; fileRef = E652826928B752350016AE0D /* AppCoordinator.swift */; };
		E652826C28B752C80016AE0D /* SceneDelegate.swift in Sources */ = {isa = PBXBuildFile; fileRef = E652826B28B752C80016AE0D /* SceneDelegate.swift */; };
		E652826E28B7530D0016AE0D /* AppDelegate.swift in Sources */ = {isa = PBXBuildFile; fileRef = E652826D28B7530D0016AE0D /* AppDelegate.swift */; };
		E652827228BCC18F0016AE0D /* AppView.swift in Sources */ = {isa = PBXBuildFile; fileRef = E652827128BCC18F0016AE0D /* AppView.swift */; };
		E652827628BCC5FE0016AE0D /* CodingStyle.swift in Sources */ = {isa = PBXBuildFile; fileRef = E652827528BCC5FE0016AE0D /* CodingStyle.swift */; };
		E652827928BCC7180016AE0D /* Loader.swift in Sources */ = {isa = PBXBuildFile; fileRef = E652827828BCC7180016AE0D /* Loader.swift */; };
		E652827B28BCC75F0016AE0D /* UserService.swift in Sources */ = {isa = PBXBuildFile; fileRef = E652827A28BCC75F0016AE0D /* UserService.swift */; };
		E652827D28BCC8120016AE0D /* NetworkService.swift in Sources */ = {isa = PBXBuildFile; fileRef = E652827C28BCC8120016AE0D /* NetworkService.swift */; };
		E652828128BCC9470016AE0D /* ApiImage.swift in Sources */ = {isa = PBXBuildFile; fileRef = E652828028BCC9470016AE0D /* ApiImage.swift */; };
		E652828328BCC9980016AE0D /* Size.swift in Sources */ = {isa = PBXBuildFile; fileRef = E652828228BCC9980016AE0D /* Size.swift */; };
		E652828528BCCA290016AE0D /* UserImagesResponse.swift in Sources */ = {isa = PBXBuildFile; fileRef = E652828428BCCA290016AE0D /* UserImagesResponse.swift */; };
		E652828728BCCA4E0016AE0D /* UserImagesMainResponse.swift in Sources */ = {isa = PBXBuildFile; fileRef = E652828628BCCA4E0016AE0D /* UserImagesMainResponse.swift */; };
		E657FE742891919D003113BA /* LessGBSwiftUIApp.swift in Sources */ = {isa = PBXBuildFile; fileRef = E657FE732891919D003113BA /* LessGBSwiftUIApp.swift */; };
		E657FE762891919D003113BA /* LoginView.swift in Sources */ = {isa = PBXBuildFile; fileRef = E657FE752891919D003113BA /* LoginView.swift */; };
		E657FE78289191A1003113BA /* Assets.xcassets in Resources */ = {isa = PBXBuildFile; fileRef = E657FE77289191A1003113BA /* Assets.xcassets */; };
		E657FE7B289191A1003113BA /* Preview Assets.xcassets in Resources */ = {isa = PBXBuildFile; fileRef = E657FE7A289191A1003113BA /* Preview Assets.xcassets */; };
		E65E0DCA28A2DFDA00CBFEC8 /* ContainerView.swift in Sources */ = {isa = PBXBuildFile; fileRef = E65E0DC928A2DFDA00CBFEC8 /* ContainerView.swift */; };
		E65E0DCD28A2FFE500CBFEC8 /* ASCollectionView in Frameworks */ = {isa = PBXBuildFile; productRef = E65E0DCC28A2FFE500CBFEC8 /* ASCollectionView */; };
		E65E0DD228A3009200CBFEC8 /* Collections in Frameworks */ = {isa = PBXBuildFile; productRef = E65E0DD128A3009200CBFEC8 /* Collections */; };
		E65E0DD428A3009200CBFEC8 /* DequeModule in Frameworks */ = {isa = PBXBuildFile; productRef = E65E0DD328A3009200CBFEC8 /* DequeModule */; };
		E65E0DD628A3009200CBFEC8 /* OrderedCollections in Frameworks */ = {isa = PBXBuildFile; productRef = E65E0DD528A3009200CBFEC8 /* OrderedCollections */; };
		E65E0DE128A513D600CBFEC8 /* DifferenceKit in Frameworks */ = {isa = PBXBuildFile; productRef = E65E0DE028A513D600CBFEC8 /* DifferenceKit */; };
		E65E0DE428A5A79D00CBFEC8 /* FriendPhotoCollection.swift in Sources */ = {isa = PBXBuildFile; fileRef = E65E0DE328A5A79D00CBFEC8 /* FriendPhotoCollection.swift */; };
		E65E0DE728A5AAB200CBFEC8 /* MainScreen.swift in Sources */ = {isa = PBXBuildFile; fileRef = E65E0DE628A5AAB200CBFEC8 /* MainScreen.swift */; };
		E65F2C19289BD5AA00F76233 /* FriendList.swift in Sources */ = {isa = PBXBuildFile; fileRef = E65F2C18289BD5AA00F76233 /* FriendList.swift */; };
		E65F2C1C289BD74C00F76233 /* FriendListCell.swift in Sources */ = {isa = PBXBuildFile; fileRef = E65F2C1B289BD74C00F76233 /* FriendListCell.swift */; };
		E65F2C1F289BDBA500F76233 /* ImgModifier.swift in Sources */ = {isa = PBXBuildFile; fileRef = E65F2C1E289BDBA500F76233 /* ImgModifier.swift */; };
/* End PBXBuildFile section */

/* Begin PBXCopyFilesBuildPhase section */
		E65E0DDE28A5127900CBFEC8 /* Embed Frameworks */ = {
			isa = PBXCopyFilesBuildPhase;
			buildActionMask = 2147483647;
			dstPath = "";
			dstSubfolderSpec = 10;
			files = (
			);
			name = "Embed Frameworks";
			runOnlyForDeploymentPostprocessing = 0;
		};
/* End PBXCopyFilesBuildPhase section */

/* Begin PBXFileReference section */
		E652825F28B657BD0016AE0D /* LoginWebView.swift */ = {isa = PBXFileReference; lastKnownFileType = sourcecode.swift; path = LoginWebView.swift; sourceTree = "<group>"; };
		E652826128B658100016AE0D /* LoginViewModel.swift */ = {isa = PBXFileReference; lastKnownFileType = sourcecode.swift; path = LoginViewModel.swift; sourceTree = "<group>"; };
		E652826528B6B5430016AE0D /* Session.swift */ = {isa = PBXFileReference; lastKnownFileType = sourcecode.swift; path = Session.swift; sourceTree = "<group>"; };
		E652826928B752350016AE0D /* AppCoordinator.swift */ = {isa = PBXFileReference; lastKnownFileType = sourcecode.swift; path = AppCoordinator.swift; sourceTree = "<group>"; };
		E652826B28B752C80016AE0D /* SceneDelegate.swift */ = {isa = PBXFileReference; lastKnownFileType = sourcecode.swift; path = SceneDelegate.swift; sourceTree = "<group>"; };
		E652826D28B7530D0016AE0D /* AppDelegate.swift */ = {isa = PBXFileReference; lastKnownFileType = sourcecode.swift; path = AppDelegate.swift; sourceTree = "<group>"; };
		E652827128BCC18F0016AE0D /* AppView.swift */ = {isa = PBXFileReference; lastKnownFileType = sourcecode.swift; path = AppView.swift; sourceTree = "<group>"; };
		E652827528BCC5FE0016AE0D /* CodingStyle.swift */ = {isa = PBXFileReference; lastKnownFileType = sourcecode.swift; path = CodingStyle.swift; sourceTree = "<group>"; };
		E652827828BCC7180016AE0D /* Loader.swift */ = {isa = PBXFileReference; lastKnownFileType = sourcecode.swift; path = Loader.swift; sourceTree = "<group>"; };
		E652827A28BCC75F0016AE0D /* UserService.swift */ = {isa = PBXFileReference; lastKnownFileType = sourcecode.swift; path = UserService.swift; sourceTree = "<group>"; };
		E652827C28BCC8120016AE0D /* NetworkService.swift */ = {isa = PBXFileReference; lastKnownFileType = sourcecode.swift; path = NetworkService.swift; sourceTree = "<group>"; };
		E652828028BCC9470016AE0D /* ApiImage.swift */ = {isa = PBXFileReference; lastKnownFileType = sourcecode.swift; path = ApiImage.swift; sourceTree = "<group>"; };
		E652828228BCC9980016AE0D /* Size.swift */ = {isa = PBXFileReference; lastKnownFileType = sourcecode.swift; path = Size.swift; sourceTree = "<group>"; };
		E652828428BCCA290016AE0D /* UserImagesResponse.swift */ = {isa = PBXFileReference; lastKnownFileType = sourcecode.swift; path = UserImagesResponse.swift; sourceTree = "<group>"; };
		E652828628BCCA4E0016AE0D /* UserImagesMainResponse.swift */ = {isa = PBXFileReference; lastKnownFileType = sourcecode.swift; path = UserImagesMainResponse.swift; sourceTree = "<group>"; };
		E657FE702891919D003113BA /* LessGBSwiftUI.app */ = {isa = PBXFileReference; explicitFileType = wrapper.application; includeInIndex = 0; path = LessGBSwiftUI.app; sourceTree = BUILT_PRODUCTS_DIR; };
		E657FE732891919D003113BA /* LessGBSwiftUIApp.swift */ = {isa = PBXFileReference; lastKnownFileType = sourcecode.swift; path = LessGBSwiftUIApp.swift; sourceTree = "<group>"; };
		E657FE752891919D003113BA /* LoginView.swift */ = {isa = PBXFileReference; lastKnownFileType = sourcecode.swift; path = LoginView.swift; sourceTree = "<group>"; };
		E657FE77289191A1003113BA /* Assets.xcassets */ = {isa = PBXFileReference; lastKnownFileType = folder.assetcatalog; path = Assets.xcassets; sourceTree = "<group>"; };
		E657FE7A289191A1003113BA /* Preview Assets.xcassets */ = {isa = PBXFileReference; lastKnownFileType = folder.assetcatalog; path = "Preview Assets.xcassets"; sourceTree = "<group>"; };
		E65E0DC928A2DFDA00CBFEC8 /* ContainerView.swift */ = {isa = PBXFileReference; lastKnownFileType = sourcecode.swift; path = ContainerView.swift; sourceTree = "<group>"; };
		E65E0DE328A5A79D00CBFEC8 /* FriendPhotoCollection.swift */ = {isa = PBXFileReference; lastKnownFileType = sourcecode.swift; path = FriendPhotoCollection.swift; sourceTree = "<group>"; };
		E65E0DE628A5AAB200CBFEC8 /* MainScreen.swift */ = {isa = PBXFileReference; lastKnownFileType = sourcecode.swift; path = MainScreen.swift; sourceTree = "<group>"; };
		E65F2C18289BD5AA00F76233 /* FriendList.swift */ = {isa = PBXFileReference; lastKnownFileType = sourcecode.swift; path = FriendList.swift; sourceTree = "<group>"; };
		E65F2C1B289BD74C00F76233 /* FriendListCell.swift */ = {isa = PBXFileReference; lastKnownFileType = sourcecode.swift; path = FriendListCell.swift; sourceTree = "<group>"; };
		E65F2C1E289BDBA500F76233 /* ImgModifier.swift */ = {isa = PBXFileReference; lastKnownFileType = sourcecode.swift; path = ImgModifier.swift; sourceTree = "<group>"; };
/* End PBXFileReference section */

/* Begin PBXFrameworksBuildPhase section */
		E657FE6D2891919D003113BA /* Frameworks */ = {
			isa = PBXFrameworksBuildPhase;
			buildActionMask = 2147483647;
			files = (
				E65E0DD628A3009200CBFEC8 /* OrderedCollections in Frameworks */,
				E65E0DD228A3009200CBFEC8 /* Collections in Frameworks */,
				E65E0DD428A3009200CBFEC8 /* DequeModule in Frameworks */,
				E65E0DE128A513D600CBFEC8 /* DifferenceKit in Frameworks */,
				E65E0DCD28A2FFE500CBFEC8 /* ASCollectionView in Frameworks */,
			);
			runOnlyForDeploymentPostprocessing = 0;
		};
/* End PBXFrameworksBuildPhase section */

/* Begin PBXGroup section */
		E652825D28B651B70016AE0D /* ViewModel */ = {
			isa = PBXGroup;
			children = (
				E657FE752891919D003113BA /* LoginView.swift */,
				E652826128B658100016AE0D /* LoginViewModel.swift */,
			);
			path = ViewModel;
			sourceTree = "<group>";
		};
		E652825E28B651D60016AE0D /* View */ = {
			isa = PBXGroup;
			children = (
				E652825F28B657BD0016AE0D /* LoginWebView.swift */,
				E652827128BCC18F0016AE0D /* AppView.swift */,
			);
			path = View;
			sourceTree = "<group>";
		};
		E652826328B6B51B0016AE0D /* Model */ = {
			isa = PBXGroup;
			children = (
				E652826428B6B52B0016AE0D /* Service */,
			);
			path = Model;
			sourceTree = "<group>";
		};
		E652826428B6B52B0016AE0D /* Service */ = {
			isa = PBXGroup;
			children = (
				E652827728BCC7010016AE0D /* UserService */,
				E652827328BCC5D10016AE0D /* PropertyWrappers */,
				E652826528B6B5430016AE0D /* Session.swift */,
			);
			path = Service;
			sourceTree = "<group>";
		};
		E652826828B751F90016AE0D /* core */ = {
			isa = PBXGroup;
			children = (
				E652826928B752350016AE0D /* AppCoordinator.swift */,
				E652826B28B752C80016AE0D /* SceneDelegate.swift */,
				E652826D28B7530D0016AE0D /* AppDelegate.swift */,
				E65F2C13289BD43700F76233 /* App Delegate */,
			);
			path = core;
			sourceTree = "<group>";
		};
		E652827328BCC5D10016AE0D /* PropertyWrappers */ = {
			isa = PBXGroup;
			children = (
				E652827828BCC7180016AE0D /* Loader.swift */,
				E652827C28BCC8120016AE0D /* NetworkService.swift */,
				E652827428BCC5EC0016AE0D /* CodingStyle */,
			);
			path = PropertyWrappers;
			sourceTree = "<group>";
		};
		E652827428BCC5EC0016AE0D /* CodingStyle */ = {
			isa = PBXGroup;
			children = (
				E652827528BCC5FE0016AE0D /* CodingStyle.swift */,
			);
			path = CodingStyle;
			sourceTree = "<group>";
		};
		E652827728BCC7010016AE0D /* UserService */ = {
			isa = PBXGroup;
			children = (
				E652827A28BCC75F0016AE0D /* UserService.swift */,
			);
			path = UserService;
			sourceTree = "<group>";
		};
		E652827E28BCC8FF0016AE0D /* ApiRequests */ = {
			isa = PBXGroup;
			children = (
				E652827F28BCC9220016AE0D /* ApiUserImages */,
			);
			path = ApiRequests;
			sourceTree = "<group>";
		};
		E652827F28BCC9220016AE0D /* ApiUserImages */ = {
			isa = PBXGroup;
			children = (
				E652828028BCC9470016AE0D /* ApiImage.swift */,
				E652828228BCC9980016AE0D /* Size.swift */,
				E652828428BCCA290016AE0D /* UserImagesResponse.swift */,
				E652828628BCCA4E0016AE0D /* UserImagesMainResponse.swift */,
			);
			path = ApiUserImages;
			sourceTree = "<group>";
		};
		E657FE672891919D003113BA = {
			isa = PBXGroup;
			children = (
				E657FE722891919D003113BA /* LessGBSwiftUI */,
				E657FE712891919D003113BA /* Products */,
			);
			sourceTree = "<group>";
		};
		E657FE712891919D003113BA /* Products */ = {
			isa = PBXGroup;
			children = (
				E657FE702891919D003113BA /* LessGBSwiftUI.app */,
			);
			name = Products;
			sourceTree = "<group>";
		};
		E657FE722891919D003113BA /* LessGBSwiftUI */ = {
			isa = PBXGroup;
			children = (
				E652827E28BCC8FF0016AE0D /* ApiRequests */,
				E652826828B751F90016AE0D /* core */,
				E65E0DE528A5AA9100CBFEC8 /* Main Screen */,
				E65E0DE228A5A76500CBFEC8 /* Friends Photo */,
				E65E0DC828A2DFC000CBFEC8 /* Container */,
				E65F2C1D289BDB5500F76233 /* Modifier */,
				E65F2C1A289BD72100F76233 /* Cell */,
				E65F2C15289BD50400F76233 /* Friend List */,
				E65F2C14289BD47600F76233 /* Login */,
				E652825E28B651D60016AE0D /* View */,
				E652826328B6B51B0016AE0D /* Model */,
				E657FE77289191A1003113BA /* Assets.xcassets */,
				E657FE79289191A1003113BA /* Preview Content */,
			);
			path = LessGBSwiftUI;
			sourceTree = "<group>";
		};
		E657FE79289191A1003113BA /* Preview Content */ = {
			isa = PBXGroup;
			children = (
				E657FE7A289191A1003113BA /* Preview Assets.xcassets */,
			);
			path = "Preview Content";
			sourceTree = "<group>";
		};
		E65E0DC828A2DFC000CBFEC8 /* Container */ = {
			isa = PBXGroup;
			children = (
				E65E0DC928A2DFDA00CBFEC8 /* ContainerView.swift */,
			);
			path = Container;
			sourceTree = "<group>";
		};
		E65E0DE228A5A76500CBFEC8 /* Friends Photo */ = {
			isa = PBXGroup;
			children = (
				E65E0DE328A5A79D00CBFEC8 /* FriendPhotoCollection.swift */,
			);
			path = "Friends Photo";
			sourceTree = "<group>";
		};
		E65E0DE528A5AA9100CBFEC8 /* Main Screen */ = {
			isa = PBXGroup;
			children = (
				E65E0DE628A5AAB200CBFEC8 /* MainScreen.swift */,
			);
			path = "Main Screen";
			sourceTree = "<group>";
		};
		E65F2C13289BD43700F76233 /* App Delegate */ = {
			isa = PBXGroup;
			children = (
				E657FE732891919D003113BA /* LessGBSwiftUIApp.swift */,
			);
			path = "App Delegate";
			sourceTree = "<group>";
		};
		E65F2C14289BD47600F76233 /* Login */ = {
			isa = PBXGroup;
			children = (
				E652825D28B651B70016AE0D /* ViewModel */,
			);
			path = Login;
			sourceTree = "<group>";
		};
		E65F2C15289BD50400F76233 /* Friend List */ = {
			isa = PBXGroup;
			children = (
				E65F2C18289BD5AA00F76233 /* FriendList.swift */,
			);
			path = "Friend List";
			sourceTree = "<group>";
		};
		E65F2C1A289BD72100F76233 /* Cell */ = {
			isa = PBXGroup;
			children = (
				E65F2C1B289BD74C00F76233 /* FriendListCell.swift */,
			);
			path = Cell;
			sourceTree = "<group>";
		};
		E65F2C1D289BDB5500F76233 /* Modifier */ = {
			isa = PBXGroup;
			children = (
				E65F2C1E289BDBA500F76233 /* ImgModifier.swift */,
			);
			path = Modifier;
			sourceTree = "<group>";
		};
/* End PBXGroup section */

/* Begin PBXNativeTarget section */
		E657FE6F2891919D003113BA /* LessGBSwiftUI */ = {
			isa = PBXNativeTarget;
			buildConfigurationList = E657FE7E289191A1003113BA /* Build configuration list for PBXNativeTarget "LessGBSwiftUI" */;
			buildPhases = (
				E657FE6C2891919D003113BA /* Sources */,
				E657FE6D2891919D003113BA /* Frameworks */,
				E657FE6E2891919D003113BA /* Resources */,
				E65E0DDE28A5127900CBFEC8 /* Embed Frameworks */,
			);
			buildRules = (
			);
			dependencies = (
			);
			name = LessGBSwiftUI;
			packageProductDependencies = (
				E65E0DCC28A2FFE500CBFEC8 /* ASCollectionView */,
				E65E0DD128A3009200CBFEC8 /* Collections */,
				E65E0DD328A3009200CBFEC8 /* DequeModule */,
				E65E0DD528A3009200CBFEC8 /* OrderedCollections */,
				E65E0DE028A513D600CBFEC8 /* DifferenceKit */,
			);
			productName = LessGBSwiftUI;
			productReference = E657FE702891919D003113BA /* LessGBSwiftUI.app */;
			productType = "com.apple.product-type.application";
		};
/* End PBXNativeTarget section */

/* Begin PBXProject section */
		E657FE682891919D003113BA /* Project object */ = {
			isa = PBXProject;
			attributes = {
				BuildIndependentTargetsInParallel = 1;
				LastSwiftUpdateCheck = 1340;
				LastUpgradeCheck = 1340;
				TargetAttributes = {
					E657FE6F2891919D003113BA = {
						CreatedOnToolsVersion = 13.4.1;
					};
				};
			};
			buildConfigurationList = E657FE6B2891919D003113BA /* Build configuration list for PBXProject "LessGBSwiftUI" */;
			compatibilityVersion = "Xcode 13.0";
			developmentRegion = en;
			hasScannedForEncodings = 0;
			knownRegions = (
				en,
				Base,
			);
			mainGroup = E657FE672891919D003113BA;
			packageReferences = (
				E65E0DCB28A2FFE500CBFEC8 /* XCRemoteSwiftPackageReference "ASCollectionView" */,
				E65E0DD028A3009200CBFEC8 /* XCRemoteSwiftPackageReference "swift-collections" */,
				E65E0DD728A5108500CBFEC8 /* XCRemoteSwiftPackageReference "DifferenceKit" */,
				E65E0DDA28A510FA00CBFEC8 /* XCRemoteSwiftPackageReference "DifferenceKit" */,
				E65E0DDF28A513D600CBFEC8 /* XCRemoteSwiftPackageReference "DifferenceKit" */,
			);
			productRefGroup = E657FE712891919D003113BA /* Products */;
			projectDirPath = "";
			projectRoot = "";
			targets = (
				E657FE6F2891919D003113BA /* LessGBSwiftUI */,
			);
		};
/* End PBXProject section */

/* Begin PBXResourcesBuildPhase section */
		E657FE6E2891919D003113BA /* Resources */ = {
			isa = PBXResourcesBuildPhase;
			buildActionMask = 2147483647;
			files = (
				E657FE7B289191A1003113BA /* Preview Assets.xcassets in Resources */,
				E657FE78289191A1003113BA /* Assets.xcassets in Resources */,
			);
			runOnlyForDeploymentPostprocessing = 0;
		};
/* End PBXResourcesBuildPhase section */

/* Begin PBXSourcesBuildPhase section */
		E657FE6C2891919D003113BA /* Sources */ = {
			isa = PBXSourcesBuildPhase;
			buildActionMask = 2147483647;
			files = (
				E65E0DE728A5AAB200CBFEC8 /* MainScreen.swift in Sources */,
				E652828328BCC9980016AE0D /* Size.swift in Sources */,
				E652827628BCC5FE0016AE0D /* CodingStyle.swift in Sources */,
				E652827B28BCC75F0016AE0D /* UserService.swift in Sources */,
				E652826028B657BD0016AE0D /* LoginWebView.swift in Sources */,
				E657FE762891919D003113BA /* LoginView.swift in Sources */,
				E657FE742891919D003113BA /* LessGBSwiftUIApp.swift in Sources */,
				E652828528BCCA290016AE0D /* UserImagesResponse.swift in Sources */,
				E652826E28B7530D0016AE0D /* AppDelegate.swift in Sources */,
				E65E0DCA28A2DFDA00CBFEC8 /* ContainerView.swift in Sources */,
				E65F2C19289BD5AA00F76233 /* FriendList.swift in Sources */,
				E652827928BCC7180016AE0D /* Loader.swift in Sources */,
				E65F2C1C289BD74C00F76233 /* FriendListCell.swift in Sources */,
				E652827228BCC18F0016AE0D /* AppView.swift in Sources */,
				E652826628B6B5430016AE0D /* Session.swift in Sources */,
				E652826C28B752C80016AE0D /* SceneDelegate.swift in Sources */,
				E652828128BCC9470016AE0D /* ApiImage.swift in Sources */,
				E65E0DE428A5A79D00CBFEC8 /* FriendPhotoCollection.swift in Sources */,
				E652827D28BCC8120016AE0D /* NetworkService.swift in Sources */,
				E652826A28B752350016AE0D /* AppCoordinator.swift in Sources */,
				E652826228B658100016AE0D /* LoginViewModel.swift in Sources */,
				E652828728BCCA4E0016AE0D /* UserImagesMainResponse.swift in Sources */,
				E65F2C1F289BDBA500F76233 /* ImgModifier.swift in Sources */,
			);
			runOnlyForDeploymentPostprocessing = 0;
		};
/* End PBXSourcesBuildPhase section */

/* Begin XCBuildConfiguration section */
		E657FE7C289191A1003113BA /* Debug */ = {
			isa = XCBuildConfiguration;
			buildSettings = {
				ALWAYS_SEARCH_USER_PATHS = NO;
				CLANG_ANALYZER_NONNULL = YES;
				CLANG_ANALYZER_NUMBER_OBJECT_CONVERSION = YES_AGGRESSIVE;
				CLANG_CXX_LANGUAGE_STANDARD = "gnu++17";
				CLANG_ENABLE_MODULES = YES;
				CLANG_ENABLE_OBJC_ARC = YES;
				CLANG_ENABLE_OBJC_WEAK = YES;
				CLANG_WARN_BLOCK_CAPTURE_AUTORELEASING = YES;
				CLANG_WARN_BOOL_CONVERSION = YES;
				CLANG_WARN_COMMA = YES;
				CLANG_WARN_CONSTANT_CONVERSION = YES;
				CLANG_WARN_DEPRECATED_OBJC_IMPLEMENTATIONS = YES;
				CLANG_WARN_DIRECT_OBJC_ISA_USAGE = YES_ERROR;
				CLANG_WARN_DOCUMENTATION_COMMENTS = YES;
				CLANG_WARN_EMPTY_BODY = YES;
				CLANG_WARN_ENUM_CONVERSION = YES;
				CLANG_WARN_INFINITE_RECURSION = YES;
				CLANG_WARN_INT_CONVERSION = YES;
				CLANG_WARN_NON_LITERAL_NULL_CONVERSION = YES;
				CLANG_WARN_OBJC_IMPLICIT_RETAIN_SELF = YES;
				CLANG_WARN_OBJC_LITERAL_CONVERSION = YES;
				CLANG_WARN_OBJC_ROOT_CLASS = YES_ERROR;
				CLANG_WARN_QUOTED_INCLUDE_IN_FRAMEWORK_HEADER = YES;
				CLANG_WARN_RANGE_LOOP_ANALYSIS = YES;
				CLANG_WARN_STRICT_PROTOTYPES = YES;
				CLANG_WARN_SUSPICIOUS_MOVE = YES;
				CLANG_WARN_UNGUARDED_AVAILABILITY = YES_AGGRESSIVE;
				CLANG_WARN_UNREACHABLE_CODE = YES;
				CLANG_WARN__DUPLICATE_METHOD_MATCH = YES;
				COPY_PHASE_STRIP = NO;
				DEBUG_INFORMATION_FORMAT = dwarf;
				ENABLE_STRICT_OBJC_MSGSEND = YES;
				ENABLE_TESTABILITY = YES;
				GCC_C_LANGUAGE_STANDARD = gnu11;
				GCC_DYNAMIC_NO_PIC = NO;
				GCC_NO_COMMON_BLOCKS = YES;
				GCC_OPTIMIZATION_LEVEL = 0;
				GCC_PREPROCESSOR_DEFINITIONS = (
					"DEBUG=1",
					"$(inherited)",
				);
				GCC_WARN_64_TO_32_BIT_CONVERSION = YES;
				GCC_WARN_ABOUT_RETURN_TYPE = YES_ERROR;
				GCC_WARN_UNDECLARED_SELECTOR = YES;
				GCC_WARN_UNINITIALIZED_AUTOS = YES_AGGRESSIVE;
				GCC_WARN_UNUSED_FUNCTION = YES;
				GCC_WARN_UNUSED_VARIABLE = YES;
				IPHONEOS_DEPLOYMENT_TARGET = 15.5;
				MTL_ENABLE_DEBUG_INFO = INCLUDE_SOURCE;
				MTL_FAST_MATH = YES;
				ONLY_ACTIVE_ARCH = YES;
				SDKROOT = iphoneos;
				SWIFT_ACTIVE_COMPILATION_CONDITIONS = DEBUG;
				SWIFT_OPTIMIZATION_LEVEL = "-Onone";
			};
			name = Debug;
		};
		E657FE7D289191A1003113BA /* Release */ = {
			isa = XCBuildConfiguration;
			buildSettings = {
				ALWAYS_SEARCH_USER_PATHS = NO;
				CLANG_ANALYZER_NONNULL = YES;
				CLANG_ANALYZER_NUMBER_OBJECT_CONVERSION = YES_AGGRESSIVE;
				CLANG_CXX_LANGUAGE_STANDARD = "gnu++17";
				CLANG_ENABLE_MODULES = YES;
				CLANG_ENABLE_OBJC_ARC = YES;
				CLANG_ENABLE_OBJC_WEAK = YES;
				CLANG_WARN_BLOCK_CAPTURE_AUTORELEASING = YES;
				CLANG_WARN_BOOL_CONVERSION = YES;
				CLANG_WARN_COMMA = YES;
				CLANG_WARN_CONSTANT_CONVERSION = YES;
				CLANG_WARN_DEPRECATED_OBJC_IMPLEMENTATIONS = YES;
				CLANG_WARN_DIRECT_OBJC_ISA_USAGE = YES_ERROR;
				CLANG_WARN_DOCUMENTATION_COMMENTS = YES;
				CLANG_WARN_EMPTY_BODY = YES;
				CLANG_WARN_ENUM_CONVERSION = YES;
				CLANG_WARN_INFINITE_RECURSION = YES;
				CLANG_WARN_INT_CONVERSION = YES;
				CLANG_WARN_NON_LITERAL_NULL_CONVERSION = YES;
				CLANG_WARN_OBJC_IMPLICIT_RETAIN_SELF = YES;
				CLANG_WARN_OBJC_LITERAL_CONVERSION = YES;
				CLANG_WARN_OBJC_ROOT_CLASS = YES_ERROR;
				CLANG_WARN_QUOTED_INCLUDE_IN_FRAMEWORK_HEADER = YES;
				CLANG_WARN_RANGE_LOOP_ANALYSIS = YES;
				CLANG_WARN_STRICT_PROTOTYPES = YES;
				CLANG_WARN_SUSPICIOUS_MOVE = YES;
				CLANG_WARN_UNGUARDED_AVAILABILITY = YES_AGGRESSIVE;
				CLANG_WARN_UNREACHABLE_CODE = YES;
				CLANG_WARN__DUPLICATE_METHOD_MATCH = YES;
				COPY_PHASE_STRIP = NO;
				DEBUG_INFORMATION_FORMAT = "dwarf-with-dsym";
				ENABLE_NS_ASSERTIONS = NO;
				ENABLE_STRICT_OBJC_MSGSEND = YES;
				GCC_C_LANGUAGE_STANDARD = gnu11;
				GCC_NO_COMMON_BLOCKS = YES;
				GCC_WARN_64_TO_32_BIT_CONVERSION = YES;
				GCC_WARN_ABOUT_RETURN_TYPE = YES_ERROR;
				GCC_WARN_UNDECLARED_SELECTOR = YES;
				GCC_WARN_UNINITIALIZED_AUTOS = YES_AGGRESSIVE;
				GCC_WARN_UNUSED_FUNCTION = YES;
				GCC_WARN_UNUSED_VARIABLE = YES;
				IPHONEOS_DEPLOYMENT_TARGET = 15.5;
				MTL_ENABLE_DEBUG_INFO = NO;
				MTL_FAST_MATH = YES;
				SDKROOT = iphoneos;
				SWIFT_COMPILATION_MODE = wholemodule;
				SWIFT_OPTIMIZATION_LEVEL = "-O";
				VALIDATE_PRODUCT = YES;
			};
			name = Release;
		};
		E657FE7F289191A1003113BA /* Debug */ = {
			isa = XCBuildConfiguration;
			buildSettings = {
				ASSETCATALOG_COMPILER_APPICON_NAME = AppIcon;
				ASSETCATALOG_COMPILER_GLOBAL_ACCENT_COLOR_NAME = AccentColor;
				CODE_SIGN_STYLE = Automatic;
				CURRENT_PROJECT_VERSION = 1;
				DEVELOPMENT_ASSET_PATHS = "\"LessGBSwiftUI/Preview Content\"";
				DEVELOPMENT_TEAM = K6F3384T7K;
				ENABLE_PREVIEWS = YES;
				GENERATE_INFOPLIST_FILE = YES;
				INFOPLIST_KEY_UIApplicationSceneManifest_Generation = YES;
				INFOPLIST_KEY_UIApplicationSupportsIndirectInputEvents = YES;
				INFOPLIST_KEY_UILaunchScreen_Generation = YES;
				INFOPLIST_KEY_UISupportedInterfaceOrientations_iPad = "UIInterfaceOrientationPortrait UIInterfaceOrientationPortraitUpsideDown UIInterfaceOrientationLandscapeLeft UIInterfaceOrientationLandscapeRight";
				INFOPLIST_KEY_UISupportedInterfaceOrientations_iPhone = "UIInterfaceOrientationPortrait UIInterfaceOrientationLandscapeLeft UIInterfaceOrientationLandscapeRight";
				LD_RUNPATH_SEARCH_PATHS = (
					"$(inherited)",
					"@executable_path/Frameworks",
				);
				MARKETING_VERSION = 1.0;
				PRODUCT_BUNDLE_IDENTIFIER = ip.LessGBSwiftUI;
				PRODUCT_NAME = "$(TARGET_NAME)";
				SWIFT_EMIT_LOC_STRINGS = YES;
				SWIFT_VERSION = 5.0;
				TARGETED_DEVICE_FAMILY = "1,2";
			};
			name = Debug;
		};
		E657FE80289191A1003113BA /* Release */ = {
			isa = XCBuildConfiguration;
			buildSettings = {
				ASSETCATALOG_COMPILER_APPICON_NAME = AppIcon;
				ASSETCATALOG_COMPILER_GLOBAL_ACCENT_COLOR_NAME = AccentColor;
				CODE_SIGN_STYLE = Automatic;
				CURRENT_PROJECT_VERSION = 1;
				DEVELOPMENT_ASSET_PATHS = "\"LessGBSwiftUI/Preview Content\"";
				DEVELOPMENT_TEAM = K6F3384T7K;
				ENABLE_PREVIEWS = YES;
				GENERATE_INFOPLIST_FILE = YES;
				INFOPLIST_KEY_UIApplicationSceneManifest_Generation = YES;
				INFOPLIST_KEY_UIApplicationSupportsIndirectInputEvents = YES;
				INFOPLIST_KEY_UILaunchScreen_Generation = YES;
				INFOPLIST_KEY_UISupportedInterfaceOrientations_iPad = "UIInterfaceOrientationPortrait UIInterfaceOrientationPortraitUpsideDown UIInterfaceOrientationLandscapeLeft UIInterfaceOrientationLandscapeRight";
				INFOPLIST_KEY_UISupportedInterfaceOrientations_iPhone = "UIInterfaceOrientationPortrait UIInterfaceOrientationLandscapeLeft UIInterfaceOrientationLandscapeRight";
				LD_RUNPATH_SEARCH_PATHS = (
					"$(inherited)",
					"@executable_path/Frameworks",
				);
				MARKETING_VERSION = 1.0;
				PRODUCT_BUNDLE_IDENTIFIER = ip.LessGBSwiftUI;
				PRODUCT_NAME = "$(TARGET_NAME)";
				SWIFT_EMIT_LOC_STRINGS = YES;
				SWIFT_VERSION = 5.0;
				TARGETED_DEVICE_FAMILY = "1,2";
			};
			name = Release;
		};
/* End XCBuildConfiguration section */

/* Begin XCConfigurationList section */
		E657FE6B2891919D003113BA /* Build configuration list for PBXProject "LessGBSwiftUI" */ = {
			isa = XCConfigurationList;
			buildConfigurations = (
				E657FE7C289191A1003113BA /* Debug */,
				E657FE7D289191A1003113BA /* Release */,
			);
			defaultConfigurationIsVisible = 0;
			defaultConfigurationName = Release;
		};
		E657FE7E289191A1003113BA /* Build configuration list for PBXNativeTarget "LessGBSwiftUI" */ = {
			isa = XCConfigurationList;
			buildConfigurations = (
				E657FE7F289191A1003113BA /* Debug */,
				E657FE80289191A1003113BA /* Release */,
			);
			defaultConfigurationIsVisible = 0;
			defaultConfigurationName = Release;
		};
/* End XCConfigurationList section */

/* Begin XCRemoteSwiftPackageReference section */
		E65E0DCB28A2FFE500CBFEC8 /* XCRemoteSwiftPackageReference "ASCollectionView" */ = {
			isa = XCRemoteSwiftPackageReference;
			repositoryURL = "https://github.com/apptekstudios/ASCollectionView";
			requirement = {
				kind = upToNextMajorVersion;
				minimumVersion = 2.0.0;
			};
		};
		E65E0DD028A3009200CBFEC8 /* XCRemoteSwiftPackageReference "swift-collections" */ = {
			isa = XCRemoteSwiftPackageReference;
			repositoryURL = "https://github.com/apple/swift-collections.git";
			requirement = {
				kind = upToNextMajorVersion;
				minimumVersion = 1.0.0;
			};
		};
		E65E0DD728A5108500CBFEC8 /* XCRemoteSwiftPackageReference "DifferenceKit" */ = {
			isa = XCRemoteSwiftPackageReference;
			repositoryURL = "https://github.com/ra1028/DifferenceKit";
			requirement = {
				kind = upToNextMajorVersion;
				minimumVersion = 1.0.0;
			};
		};
		E65E0DDA28A510FA00CBFEC8 /* XCRemoteSwiftPackageReference "DifferenceKit" */ = {
			isa = XCRemoteSwiftPackageReference;
			repositoryURL = "https://github.com/ra1028/DifferenceKit";
			requirement = {
				branch = master;
				kind = branch;
			};
		};
		E65E0DDF28A513D600CBFEC8 /* XCRemoteSwiftPackageReference "DifferenceKit" */ = {
			isa = XCRemoteSwiftPackageReference;
			repositoryURL = "https://github.com/ra1028/DifferenceKit";
			requirement = {
				branch = master;
				kind = branch;
			};
		};
/* End XCRemoteSwiftPackageReference section */

/* Begin XCSwiftPackageProductDependency section */
		E65E0DCC28A2FFE500CBFEC8 /* ASCollectionView */ = {
			isa = XCSwiftPackageProductDependency;
			package = E65E0DCB28A2FFE500CBFEC8 /* XCRemoteSwiftPackageReference "ASCollectionView" */;
			productName = ASCollectionView;
		};
		E65E0DD128A3009200CBFEC8 /* Collections */ = {
			isa = XCSwiftPackageProductDependency;
			package = E65E0DD028A3009200CBFEC8 /* XCRemoteSwiftPackageReference "swift-collections" */;
			productName = Collections;
		};
		E65E0DD328A3009200CBFEC8 /* DequeModule */ = {
			isa = XCSwiftPackageProductDependency;
			package = E65E0DD028A3009200CBFEC8 /* XCRemoteSwiftPackageReference "swift-collections" */;
			productName = DequeModule;
		};
		E65E0DD528A3009200CBFEC8 /* OrderedCollections */ = {
			isa = XCSwiftPackageProductDependency;
			package = E65E0DD028A3009200CBFEC8 /* XCRemoteSwiftPackageReference "swift-collections" */;
			productName = OrderedCollections;
		};
		E65E0DE028A513D600CBFEC8 /* DifferenceKit */ = {
			isa = XCSwiftPackageProductDependency;
			package = E65E0DDA28A510FA00CBFEC8 /* XCRemoteSwiftPackageReference "DifferenceKit" */;
			productName = DifferenceKit;
		};
/* End XCSwiftPackageProductDependency section */
	};
	rootObject = E657FE682891919D003113BA /* Project object */;
}
